# G1-FRM Python 3.12 / Windows x86-64 capture runtime lock.
# Source index: https://pypi.org/simple
# Exact artifacts verified 2026-08-29:
# numpy-2.1.3-cp312-cp312-win_amd64.whl
# opencv_python_headless-4.10.0.84-cp37-abi3-win_amd64.whl
--index-url https://pypi.org/simple
--only-binary=:all:

numpy==2.1.3 \
    --hash=sha256:0d30c543f02e84e92c4b1f415b7c6b5326cbe45ee7882b6b77db7195fb971e3a
opencv-python-headless==4.10.0.84 \
    --hash=sha256:afcf28bd1209dd58810d33defb622b325d3cbe49dcd7a43a902982c33e5fad05
